
Microsoft Visual Studio Solution File, Format Version 12.00
# Visual Studio Version 17
VisualStudioVersion = 17.6.33723.286
MinimumVisualStudioVersion = 10.0.40219.1
Project("{FAE04EC0-301F-11D3-BF4B-00C04F79EFBC}") = "EnveloppeConvexe", "EnveloppeConvexe.csproj", "{CEEF43C3-158E-45B5-B857-252D03A6D1B7}"
EndProject
Global
	GlobalSection(SolutionConfigurationPlatforms) = preSolution
		Debug|Any CPU = Debug|Any CPU
		Release|Any CPU = Release|Any CPU
	EndGlobalSection
	GlobalSection(ProjectConfigurationPlatforms) = postSolution
		{CEEF43C3-158E-45B5-B857-252D03A6D1B7}.Debug|Any CPU.ActiveCfg = Debug|Any CPU
		{CEEF43C3-158E-45B5-B857-252D03A6D1B7}.Debug|Any CPU.Build.0 = Debug|Any CPU
		{CEEF43C3-158E-45B5-B857-252D03A6D1B7}.Release|Any CPU.ActiveCfg = Release|Any CPU
		{CEEF43C3-158E-45B5-B857-252D03A6D1B7}.Release|Any CPU.Build.0 = Release|Any CPU
	EndGlobalSection
	GlobalSection(SolutionProperties) = preSolution
		HideSolutionNode = FALSE
	EndGlobalSection
	GlobalSection(ExtensibilityGlobals) = postSolution
		SolutionGuid = {8305CB05-121E-4638-9953-F63746A1724D}
	EndGlobalSection
EndGlobal
